
Microsoft Visual Studio Solution File, Format Version 12.00
# Visual Studio Version 17
VisualStudioVersion = 17.11.35327.3
MinimumVisualStudioVersion = 10.0.40219.1
Project("{FAE04EC0-301F-11D3-BF4B-00C04F79EFBC}") = "5 Sayisinin Karesini Bulan CSharp Kodu", "5 Sayisinin Karesini Bulan CSharp Kodu\5 Sayisinin Karesini Bulan CSharp Kodu.csproj", "{9588BDCE-1E28-4410-A574-D49E69798204}"
EndProject
Global
	GlobalSection(SolutionConfigurationPlatforms) = preSolution
		Debug|Any CPU = Debug|Any CPU
		Release|Any CPU = Release|Any CPU
	EndGlobalSection
	GlobalSection(ProjectConfigurationPlatforms) = postSolution
		{9588BDCE-1E28-4410-A574-D49E69798204}.Debug|Any CPU.ActiveCfg = Debug|Any CPU
		{9588BDCE-1E28-4410-A574-D49E69798204}.Debug|Any CPU.Build.0 = Debug|Any CPU
		{9588BDCE-1E28-4410-A574-D49E69798204}.Release|Any CPU.ActiveCfg = Release|Any CPU
		{9588BDCE-1E28-4410-A574-D49E69798204}.Release|Any CPU.Build.0 = Release|Any CPU
	EndGlobalSection
	GlobalSection(SolutionProperties) = preSolution
		HideSolutionNode = FALSE
	EndGlobalSection
	GlobalSection(ExtensibilityGlobals) = postSolution
		SolutionGuid = {E5508890-A361-4139-9276-FD6721E76A20}
	EndGlobalSection
EndGlobal
